// !$*UTF8*$!
{
	archiveVersion = 1;
	classes = {
	};
	objectVersion = 50;
	objects = {

/* Begin PBXBuildFile section */
		3DA5551928D371FD00815756 /* AppDelegate.swift in Sources */ = {isa = PBXBuildFile; fileRef = 3DA5551828D371FD00815756 /* AppDelegate.swift */; };
		3DA5551B28D371FD00815756 /* MenuController.swift in Sources */ = {isa = PBXBuildFile; fileRef = 3DA5551A28D371FD00815756 /* MenuController.swift */; };
		3DA5551E28D371FD00815756 /* Main.storyboard in Resources */ = {isa = PBXBuildFile; fileRef = 3DA5551C28D371FD00815756 /* Main.storyboard */; };
		3DA5552028D3720000815756 /* Assets.xcassets in Resources */ = {isa = PBXBuildFile; fileRef = 3DA5551F28D3720000815756 /* Assets.xcassets */; };
		3DA5552328D3720000815756 /* LaunchScreen.storyboard in Resources */ = {isa = PBXBuildFile; fileRef = 3DA5552128D3720000815756 /* LaunchScreen.storyboard */; };
		3DA5552E28D3720000815756 /* Navegacion2Tests.swift in Sources */ = {isa = PBXBuildFile; fileRef = 3DA5552D28D3720000815756 /* Navegacion2Tests.swift */; };
		3DA5553928D3720000815756 /* Navegacion2UITests.swift in Sources */ = {isa = PBXBuildFile; fileRef = 3DA5553828D3720000815756 /* Navegacion2UITests.swift */; };
		3DA5554728D372CB00815756 /* JuegoController.swift in Sources */ = {isa = PBXBuildFile; fileRef = 3DA5554628D372CA00815756 /* JuegoController.swift */; };
		3DA5554928D37DDA00815756 /* View3.swift in Sources */ = {isa = PBXBuildFile; fileRef = 3DA5554828D37DDA00815756 /* View3.swift */; };
		3DA5554B28D37E6400815756 /* View4.swift in Sources */ = {isa = PBXBuildFile; fileRef = 3DA5554A28D37E6400815756 /* View4.swift */; };
		3DA5554D28D37E8500815756 /* View5.swift in Sources */ = {isa = PBXBuildFile; fileRef = 3DA5554C28D37E8500815756 /* View5.swift */; };
		3DA5554F28D37EAF00815756 /* View6.swift in Sources */ = {isa = PBXBuildFile; fileRef = 3DA5554E28D37EAF00815756 /* View6.swift */; };
		3DA5555128D37ED600815756 /* View7.swift in Sources */ = {isa = PBXBuildFile; fileRef = 3DA5555028D37ED600815756 /* View7.swift */; };
		3DA5555328D37EF200815756 /* View8.swift in Sources */ = {isa = PBXBuildFile; fileRef = 3DA5555228D37EF200815756 /* View8.swift */; };
		3DA5555528D37F1700815756 /* View9.swift in Sources */ = {isa = PBXBuildFile; fileRef = 3DA5555428D37F1700815756 /* View9.swift */; };
		3DA5555728D37F3900815756 /* View10.swift in Sources */ = {isa = PBXBuildFile; fileRef = 3DA5555628D37F3900815756 /* View10.swift */; };
/* End PBXBuildFile section */

/* Begin PBXContainerItemProxy section */
		3DA5552A28D3720000815756 /* PBXContainerItemProxy */ = {
			isa = PBXContainerItemProxy;
			containerPortal = 3DA5550D28D371FD00815756 /* Project object */;
			proxyType = 1;
			remoteGlobalIDString = 3DA5551428D371FD00815756;
			remoteInfo = Navegacion2;
		};
		3DA5553528D3720000815756 /* PBXContainerItemProxy */ = {
			isa = PBXContainerItemProxy;
			containerPortal = 3DA5550D28D371FD00815756 /* Project object */;
			proxyType = 1;
			remoteGlobalIDString = 3DA5551428D371FD00815756;
			remoteInfo = Navegacion2;
		};
/* End PBXContainerItemProxy section */

/* Begin PBXFileReference section */
		3DA5551528D371FD00815756 /* Navegacion2.app */ = {isa = PBXFileReference; explicitFileType = wrapper.application; includeInIndex = 0; path = Navegacion2.app; sourceTree = BUILT_PRODUCTS_DIR; };
		3DA5551828D371FD00815756 /* AppDelegate.swift */ = {isa = PBXFileReference; lastKnownFileType = sourcecode.swift; path = AppDelegate.swift; sourceTree = "<group>"; };
		3DA5551A28D371FD00815756 /* MenuController.swift */ = {isa = PBXFileReference; lastKnownFileType = sourcecode.swift; path = MenuController.swift; sourceTree = "<group>"; };
		3DA5551D28D371FD00815756 /* Base */ = {isa = PBXFileReference; lastKnownFileType = file.storyboard; name = Base; path = Base.lproj/Main.storyboard; sourceTree = "<group>"; };
		3DA5551F28D3720000815756 /* Assets.xcassets */ = {isa = PBXFileReference; lastKnownFileType = folder.assetcatalog; path = Assets.xcassets; sourceTree = "<group>"; };
		3DA5552228D3720000815756 /* Base */ = {isa = PBXFileReference; lastKnownFileType = file.storyboard; name = Base; path = Base.lproj/LaunchScreen.storyboard; sourceTree = "<group>"; };
		3DA5552428D3720000815756 /* Info.plist */ = {isa = PBXFileReference; lastKnownFileType = text.plist.xml; path = Info.plist; sourceTree = "<group>"; };
		3DA5552928D3720000815756 /* Navegacion2Tests.xctest */ = {isa = PBXFileReference; explicitFileType = wrapper.cfbundle; includeInIndex = 0; path = Navegacion2Tests.xctest; sourceTree = BUILT_PRODUCTS_DIR; };
		3DA5552D28D3720000815756 /* Navegacion2Tests.swift */ = {isa = PBXFileReference; lastKnownFileType = sourcecode.swift; path = Navegacion2Tests.swift; sourceTree = "<group>"; };
		3DA5552F28D3720000815756 /* Info.plist */ = {isa = PBXFileReference; lastKnownFileType = text.plist.xml; path = Info.plist; sourceTree = "<group>"; };
		3DA5553428D3720000815756 /* Navegacion2UITests.xctest */ = {isa = PBXFileReference; explicitFileType = wrapper.cfbundle; includeInIndex = 0; path = Navegacion2UITests.xctest; sourceTree = BUILT_PRODUCTS_DIR; };
		3DA5553828D3720000815756 /* Navegacion2UITests.swift */ = {isa = PBXFileReference; lastKnownFileType = sourcecode.swift; path = Navegacion2UITests.swift; sourceTree = "<group>"; };
		3DA5553A28D3720000815756 /* Info.plist */ = {isa = PBXFileReference; lastKnownFileType = text.plist.xml; path = Info.plist; sourceTree = "<group>"; };
		3DA5554628D372CA00815756 /* JuegoController.swift */ = {isa = PBXFileReference; lastKnownFileType = sourcecode.swift; path = JuegoController.swift; sourceTree = "<group>"; };
		3DA5554828D37DDA00815756 /* View3.swift */ = {isa = PBXFileReference; lastKnownFileType = sourcecode.swift; path = View3.swift; sourceTree = "<group>"; };
		3DA5554A28D37E6400815756 /* View4.swift */ = {isa = PBXFileReference; lastKnownFileType = sourcecode.swift; path = View4.swift; sourceTree = "<group>"; };
		3DA5554C28D37E8500815756 /* View5.swift */ = {isa = PBXFileReference; lastKnownFileType = sourcecode.swift; path = View5.swift; sourceTree = "<group>"; };
		3DA5554E28D37EAF00815756 /* View6.swift */ = {isa = PBXFileReference; lastKnownFileType = sourcecode.swift; path = View6.swift; sourceTree = "<group>"; };
		3DA5555028D37ED600815756 /* View7.swift */ = {isa = PBXFileReference; lastKnownFileType = sourcecode.swift; path = View7.swift; sourceTree = "<group>"; };
		3DA5555228D37EF200815756 /* View8.swift */ = {isa = PBXFileReference; lastKnownFileType = sourcecode.swift; path = View8.swift; sourceTree = "<group>"; };
		3DA5555428D37F1700815756 /* View9.swift */ = {isa = PBXFileReference; lastKnownFileType = sourcecode.swift; path = View9.swift; sourceTree = "<group>"; };
		3DA5555628D37F3900815756 /* View10.swift */ = {isa = PBXFileReference; lastKnownFileType = sourcecode.swift; path = View10.swift; sourceTree = "<group>"; };
/* End PBXFileReference section */

/* Begin PBXFrameworksBuildPhase section */
		3DA5551228D371FD00815756 /* Frameworks */ = {
			isa = PBXFrameworksBuildPhase;
			buildActionMask = 2147483647;
			files = (
			);
			runOnlyForDeploymentPostprocessing = 0;
		};
		3DA5552628D3720000815756 /* Frameworks */ = {
			isa = PBXFrameworksBuildPhase;
			buildActionMask = 2147483647;
			files = (
			);
			runOnlyForDeploymentPostprocessing = 0;
		};
		3DA5553128D3720000815756 /* Frameworks */ = {
			isa = PBXFrameworksBuildPhase;
			buildActionMask = 2147483647;
			files = (
			);
			runOnlyForDeploymentPostprocessing = 0;
		};
/* End PBXFrameworksBuildPhase section */

/* Begin PBXGroup section */
		3DA5550C28D371FD00815756 = {
			isa = PBXGroup;
			children = (
				3DA5551728D371FD00815756 /* Navegacion2 */,
				3DA5552C28D3720000815756 /* Navegacion2Tests */,
				3DA5553728D3720000815756 /* Navegacion2UITests */,
				3DA5551628D371FD00815756 /* Products */,
			);
			sourceTree = "<group>";
		};
		3DA5551628D371FD00815756 /* Products */ = {
			isa = PBXGroup;
			children = (
				3DA5551528D371FD00815756 /* Navegacion2.app */,
				3DA5552928D3720000815756 /* Navegacion2Tests.xctest */,
				3DA5553428D3720000815756 /* Navegacion2UITests.xctest */,
			);
			name = Products;
			sourceTree = "<group>";
		};
		3DA5551728D371FD00815756 /* Navegacion2 */ = {
			isa = PBXGroup;
			children = (
				3DA5551828D371FD00815756 /* AppDelegate.swift */,
				3DA5551A28D371FD00815756 /* MenuController.swift */,
				3DA5554828D37DDA00815756 /* View3.swift */,
				3DA5554C28D37E8500815756 /* View5.swift */,
				3DA5555428D37F1700815756 /* View9.swift */,
				3DA5555028D37ED600815756 /* View7.swift */,
				3DA5554628D372CA00815756 /* JuegoController.swift */,
				3DA5555228D37EF200815756 /* View8.swift */,
				3DA5555628D37F3900815756 /* View10.swift */,
				3DA5551C28D371FD00815756 /* Main.storyboard */,
				3DA5554E28D37EAF00815756 /* View6.swift */,
				3DA5551F28D3720000815756 /* Assets.xcassets */,
				3DA5554A28D37E6400815756 /* View4.swift */,
				3DA5552128D3720000815756 /* LaunchScreen.storyboard */,
				3DA5552428D3720000815756 /* Info.plist */,
			);
			path = Navegacion2;
			sourceTree = "<group>";
		};
		3DA5552C28D3720000815756 /* Navegacion2Tests */ = {
			isa = PBXGroup;
			children = (
				3DA5552D28D3720000815756 /* Navegacion2Tests.swift */,
				3DA5552F28D3720000815756 /* Info.plist */,
			);
			path = Navegacion2Tests;
			sourceTree = "<group>";
		};
		3DA5553728D3720000815756 /* Navegacion2UITests */ = {
			isa = PBXGroup;
			children = (
				3DA5553828D3720000815756 /* Navegacion2UITests.swift */,
				3DA5553A28D3720000815756 /* Info.plist */,
			);
			path = Navegacion2UITests;
			sourceTree = "<group>";
		};
/* End PBXGroup section */

/* Begin PBXNativeTarget section */
		3DA5551428D371FD00815756 /* Navegacion2 */ = {
			isa = PBXNativeTarget;
			buildConfigurationList = 3DA5553D28D3720000815756 /* Build configuration list for PBXNativeTarget "Navegacion2" */;
			buildPhases = (
				3DA5551128D371FD00815756 /* Sources */,
				3DA5551228D371FD00815756 /* Frameworks */,
				3DA5551328D371FD00815756 /* Resources */,
			);
			buildRules = (
			);
			dependencies = (
			);
			name = Navegacion2;
			productName = Navegacion2;
			productReference = 3DA5551528D371FD00815756 /* Navegacion2.app */;
			productType = "com.apple.product-type.application";
		};
		3DA5552828D3720000815756 /* Navegacion2Tests */ = {
			isa = PBXNativeTarget;
			buildConfigurationList = 3DA5554028D3720000815756 /* Build configuration list for PBXNativeTarget "Navegacion2Tests" */;
			buildPhases = (
				3DA5552528D3720000815756 /* Sources */,
				3DA5552628D3720000815756 /* Frameworks */,
				3DA5552728D3720000815756 /* Resources */,
			);
			buildRules = (
			);
			dependencies = (
				3DA5552B28D3720000815756 /* PBXTargetDependency */,
			);
			name = Navegacion2Tests;
			productName = Navegacion2Tests;
			productReference = 3DA5552928D3720000815756 /* Navegacion2Tests.xctest */;
			productType = "com.apple.product-type.bundle.unit-test";
		};
		3DA5553328D3720000815756 /* Navegacion2UITests */ = {
			isa = PBXNativeTarget;
			buildConfigurationList = 3DA5554328D3720000815756 /* Build configuration list for PBXNativeTarget "Navegacion2UITests" */;
			buildPhases = (
				3DA5553028D3720000815756 /* Sources */,
				3DA5553128D3720000815756 /* Frameworks */,
				3DA5553228D3720000815756 /* Resources */,
			);
			buildRules = (
			);
			dependencies = (
				3DA5553628D3720000815756 /* PBXTargetDependency */,
			);
			name = Navegacion2UITests;
			productName = Navegacion2UITests;
			productReference = 3DA5553428D3720000815756 /* Navegacion2UITests.xctest */;
			productType = "com.apple.product-type.bundle.ui-testing";
		};
/* End PBXNativeTarget section */

/* Begin PBXProject section */
		3DA5550D28D371FD00815756 /* Project object */ = {
			isa = PBXProject;
			attributes = {
				LastSwiftUpdateCheck = 1030;
				LastUpgradeCheck = 1030;
				ORGANIZATIONNAME = Alumno;
				TargetAttributes = {
					3DA5551428D371FD00815756 = {
						CreatedOnToolsVersion = 10.3;
					};
					3DA5552828D3720000815756 = {
						CreatedOnToolsVersion = 10.3;
						TestTargetID = 3DA5551428D371FD00815756;
					};
					3DA5553328D3720000815756 = {
						CreatedOnToolsVersion = 10.3;
						TestTargetID = 3DA5551428D371FD00815756;
					};
				};
			};
			buildConfigurationList = 3DA5551028D371FD00815756 /* Build configuration list for PBXProject "Navegacion2" */;
			compatibilityVersion = "Xcode 9.3";
			developmentRegion = en;
			hasScannedForEncodings = 0;
			knownRegions = (
				en,
				Base,
			);
			mainGroup = 3DA5550C28D371FD00815756;
			productRefGroup = 3DA5551628D371FD00815756 /* Products */;
			projectDirPath = "";
			projectRoot = "";
			targets = (
				3DA5551428D371FD00815756 /* Navegacion2 */,
				3DA5552828D3720000815756 /* Navegacion2Tests */,
				3DA5553328D3720000815756 /* Navegacion2UITests */,
			);
		};
/* End PBXProject section */

/* Begin PBXResourcesBuildPhase section */
		3DA5551328D371FD00815756 /* Resources */ = {
			isa = PBXResourcesBuildPhase;
			buildActionMask = 2147483647;
			files = (
				3DA5552328D3720000815756 /* LaunchScreen.storyboard in Resources */,
				3DA5552028D3720000815756 /* Assets.xcassets in Resources */,
				3DA5551E28D371FD00815756 /* Main.storyboard in Resources */,
			);
			runOnlyForDeploymentPostprocessing = 0;
		};
		3DA5552728D3720000815756 /* Resources */ = {
			isa = PBXResourcesBuildPhase;
			buildActionMask = 2147483647;
			files = (
			);
			runOnlyForDeploymentPostprocessing = 0;
		};
		3DA5553228D3720000815756 /* Resources */ = {
			isa = PBXResourcesBuildPhase;
			buildActionMask = 2147483647;
			files = (
			);
			runOnlyForDeploymentPostprocessing = 0;
		};
/* End PBXResourcesBuildPhase section */

/* Begin PBXSourcesBuildPhase section */
		3DA5551128D371FD00815756 /* Sources */ = {
			isa = PBXSourcesBuildPhase;
			buildActionMask = 2147483647;
			files = (
				3DA5555128D37ED600815756 /* View7.swift in Sources */,
				3DA5555328D37EF200815756 /* View8.swift in Sources */,
				3DA5555528D37F1700815756 /* View9.swift in Sources */,
				3DA5555728D37F3900815756 /* View10.swift in Sources */,
				3DA5554928D37DDA00815756 /* View3.swift in Sources */,
				3DA5551B28D371FD00815756 /* MenuController.swift in Sources */,
				3DA5554B28D37E6400815756 /* View4.swift in Sources */,
				3DA5554F28D37EAF00815756 /* View6.swift in Sources */,
				3DA5554728D372CB00815756 /* JuegoController.swift in Sources */,
				3DA5554D28D37E8500815756 /* View5.swift in Sources */,
				3DA5551928D371FD00815756 /* AppDelegate.swift in Sources */,
			);
			runOnlyForDeploymentPostprocessing = 0;
		};
		3DA5552528D3720000815756 /* Sources */ = {
			isa = PBXSourcesBuildPhase;
			buildActionMask = 2147483647;
			files = (
				3DA5552E28D3720000815756 /* Navegacion2Tests.swift in Sources */,
			);
			runOnlyForDeploymentPostprocessing = 0;
		};
		3DA5553028D3720000815756 /* Sources */ = {
			isa = PBXSourcesBuildPhase;
			buildActionMask = 2147483647;
			files = (
				3DA5553928D3720000815756 /* Navegacion2UITests.swift in Sources */,
			);
			runOnlyForDeploymentPostprocessing = 0;
		};
/* End PBXSourcesBuildPhase section */

/* Begin PBXTargetDependency section */
		3DA5552B28D3720000815756 /* PBXTargetDependency */ = {
			isa = PBXTargetDependency;
			target = 3DA5551428D371FD00815756 /* Navegacion2 */;
			targetProxy = 3DA5552A28D3720000815756 /* PBXContainerItemProxy */;
		};
		3DA5553628D3720000815756 /* PBXTargetDependency */ = {
			isa = PBXTargetDependency;
			target = 3DA5551428D371FD00815756 /* Navegacion2 */;
			targetProxy = 3DA5553528D3720000815756 /* PBXContainerItemProxy */;
		};
/* End PBXTargetDependency section */

/* Begin PBXVariantGroup section */
		3DA5551C28D371FD00815756 /* Main.storyboard */ = {
			isa = PBXVariantGroup;
			children = (
				3DA5551D28D371FD00815756 /* Base */,
			);
			name = Main.storyboard;
			sourceTree = "<group>";
		};
		3DA5552128D3720000815756 /* LaunchScreen.storyboard */ = {
			isa = PBXVariantGroup;
			children = (
				3DA5552228D3720000815756 /* Base */,
			);
			name = LaunchScreen.storyboard;
			sourceTree = "<group>";
		};
/* End PBXVariantGroup section */

/* Begin XCBuildConfiguration section */
		3DA5553B28D3720000815756 /* Debug */ = {
			isa = XCBuildConfiguration;
			buildSettings = {
				ALWAYS_SEARCH_USER_PATHS = NO;
				CLANG_ANALYZER_NONNULL = YES;
				CLANG_ANALYZER_NUMBER_OBJECT_CONVERSION = YES_AGGRESSIVE;
				CLANG_CXX_LANGUAGE_STANDARD = "gnu++14";
				CLANG_CXX_LIBRARY = "libc++";
				CLANG_ENABLE_MODULES = YES;
				CLANG_ENABLE_OBJC_ARC = YES;
				CLANG_ENABLE_OBJC_WEAK = YES;
				CLANG_WARN_BLOCK_CAPTURE_AUTORELEASING = YES;
				CLANG_WARN_BOOL_CONVERSION = YES;
				CLANG_WARN_COMMA = YES;
				CLANG_WARN_CONSTANT_CONVERSION = YES;
				CLANG_WARN_DEPRECATED_OBJC_IMPLEMENTATIONS = YES;
				CLANG_WARN_DIRECT_OBJC_ISA_USAGE = YES_ERROR;
				CLANG_WARN_DOCUMENTATION_COMMENTS = YES;
				CLANG_WARN_EMPTY_BODY = YES;
				CLANG_WARN_ENUM_CONVERSION = YES;
				CLANG_WARN_INFINITE_RECURSION = YES;
				CLANG_WARN_INT_CONVERSION = YES;
				CLANG_WARN_NON_LITERAL_NULL_CONVERSION = YES;
				CLANG_WARN_OBJC_IMPLICIT_RETAIN_SELF = YES;
				CLANG_WARN_OBJC_LITERAL_CONVERSION = YES;
				CLANG_WARN_OBJC_ROOT_CLASS = YES_ERROR;
				CLANG_WARN_RANGE_LOOP_ANALYSIS = YES;
				CLANG_WARN_STRICT_PROTOTYPES = YES;
				CLANG_WARN_SUSPICIOUS_MOVE = YES;
				CLANG_WARN_UNGUARDED_AVAILABILITY = YES_AGGRESSIVE;
				CLANG_WARN_UNREACHABLE_CODE = YES;
				CLANG_WARN__DUPLICATE_METHOD_MATCH = YES;
				CODE_SIGN_IDENTITY = "iPhone Developer";
				COPY_PHASE_STRIP = NO;
				DEBUG_INFORMATION_FORMAT = dwarf;
				ENABLE_STRICT_OBJC_MSGSEND = YES;
				ENABLE_TESTABILITY = YES;
				GCC_C_LANGUAGE_STANDARD = gnu11;
				GCC_DYNAMIC_NO_PIC = NO;
				GCC_NO_COMMON_BLOCKS = YES;
				GCC_OPTIMIZATION_LEVEL = 0;
				GCC_PREPROCESSOR_DEFINITIONS = (
					"DEBUG=1",
					"$(inherited)",
				);
				GCC_WARN_64_TO_32_BIT_CONVERSION = YES;
				GCC_WARN_ABOUT_RETURN_TYPE = YES_ERROR;
				GCC_WARN_UNDECLARED_SELECTOR = YES;
				GCC_WARN_UNINITIALIZED_AUTOS = YES_AGGRESSIVE;
				GCC_WARN_UNUSED_FUNCTION = YES;
				GCC_WARN_UNUSED_VARIABLE = YES;
				IPHONEOS_DEPLOYMENT_TARGET = 12.4;
				MTL_ENABLE_DEBUG_INFO = INCLUDE_SOURCE;
				MTL_FAST_MATH = YES;
				ONLY_ACTIVE_ARCH = YES;
				SDKROOT = iphoneos;
				SWIFT_ACTIVE_COMPILATION_CONDITIONS = DEBUG;
				SWIFT_OPTIMIZATION_LEVEL = "-Onone";
			};
			name = Debug;
		};
		3DA5553C28D3720000815756 /* Release */ = {
			isa = XCBuildConfiguration;
			buildSettings = {
				ALWAYS_SEARCH_USER_PATHS = NO;
				CLANG_ANALYZER_NONNULL = YES;
				CLANG_ANALYZER_NUMBER_OBJECT_CONVERSION = YES_AGGRESSIVE;
				CLANG_CXX_LANGUAGE_STANDARD = "gnu++14";
				CLANG_CXX_LIBRARY = "libc++";
				CLANG_ENABLE_MODULES = YES;
				CLANG_ENABLE_OBJC_ARC = YES;
				CLANG_ENABLE_OBJC_WEAK = YES;
				CLANG_WARN_BLOCK_CAPTURE_AUTORELEASING = YES;
				CLANG_WARN_BOOL_CONVERSION = YES;
				CLANG_WARN_COMMA = YES;
				CLANG_WARN_CONSTANT_CONVERSION = YES;
				CLANG_WARN_DEPRECATED_OBJC_IMPLEMENTATIONS = YES;
				CLANG_WARN_DIRECT_OBJC_ISA_USAGE = YES_ERROR;
				CLANG_WARN_DOCUMENTATION_COMMENTS = YES;
				CLANG_WARN_EMPTY_BODY = YES;
				CLANG_WARN_ENUM_CONVERSION = YES;
				CLANG_WARN_INFINITE_RECURSION = YES;
				CLANG_WARN_INT_CONVERSION = YES;
				CLANG_WARN_NON_LITERAL_NULL_CONVERSION = YES;
				CLANG_WARN_OBJC_IMPLICIT_RETAIN_SELF = YES;
				CLANG_WARN_OBJC_LITERAL_CONVERSION = YES;
				CLANG_WARN_OBJC_ROOT_CLASS = YES_ERROR;
				CLANG_WARN_RANGE_LOOP_ANALYSIS = YES;
				CLANG_WARN_STRICT_PROTOTYPES = YES;
				CLANG_WARN_SUSPICIOUS_MOVE = YES;
				CLANG_WARN_UNGUARDED_AVAILABILITY = YES_AGGRESSIVE;
				CLANG_WARN_UNREACHABLE_CODE = YES;
				CLANG_WARN__DUPLICATE_METHOD_MATCH = YES;
				CODE_SIGN_IDENTITY = "iPhone Developer";
				COPY_PHASE_STRIP = NO;
				DEBUG_INFORMATION_FORMAT = "dwarf-with-dsym";
				ENABLE_NS_ASSERTIONS = NO;
				ENABLE_STRICT_OBJC_MSGSEND = YES;
				GCC_C_LANGUAGE_STANDARD = gnu11;
				GCC_NO_COMMON_BLOCKS = YES;
				GCC_WARN_64_TO_32_BIT_CONVERSION = YES;
				GCC_WARN_ABOUT_RETURN_TYPE = YES_ERROR;
				GCC_WARN_UNDECLARED_SELECTOR = YES;
				GCC_WARN_UNINITIALIZED_AUTOS = YES_AGGRESSIVE;
				GCC_WARN_UNUSED_FUNCTION = YES;
				GCC_WARN_UNUSED_VARIABLE = YES;
				IPHONEOS_DEPLOYMENT_TARGET = 12.4;
				MTL_ENABLE_DEBUG_INFO = NO;
				MTL_FAST_MATH = YES;
				SDKROOT = iphoneos;
				SWIFT_COMPILATION_MODE = wholemodule;
				SWIFT_OPTIMIZATION_LEVEL = "-O";
				VALIDATE_PRODUCT = YES;
			};
			name = Release;
		};
		3DA5553E28D3720000815756 /* Debug */ = {
			isa = XCBuildConfiguration;
			buildSettings = {
				ASSETCATALOG_COMPILER_APPICON_NAME = AppIcon;
				CODE_SIGN_STYLE = Automatic;
				INFOPLIST_FILE = Navegacion2/Info.plist;
				LD_RUNPATH_SEARCH_PATHS = (
					"$(inherited)",
					"@executable_path/Frameworks",
				);
				PRODUCT_BUNDLE_IDENTIFIER = edu.ulsa.Navegacion2;
				PRODUCT_NAME = "$(TARGET_NAME)";
				SWIFT_VERSION = 5.0;
				TARGETED_DEVICE_FAMILY = "1,2";
			};
			name = Debug;
		};
		3DA5553F28D3720000815756 /* Release */ = {
			isa = XCBuildConfiguration;
			buildSettings = {
				ASSETCATALOG_COMPILER_APPICON_NAME = AppIcon;
				CODE_SIGN_STYLE = Automatic;
				INFOPLIST_FILE = Navegacion2/Info.plist;
				LD_RUNPATH_SEARCH_PATHS = (
					"$(inherited)",
					"@executable_path/Frameworks",
				);
				PRODUCT_BUNDLE_IDENTIFIER = edu.ulsa.Navegacion2;
				PRODUCT_NAME = "$(TARGET_NAME)";
				SWIFT_VERSION = 5.0;
				TARGETED_DEVICE_FAMILY = "1,2";
			};
			name = Release;
		};
		3DA5554128D3720000815756 /* Debug */ = {
			isa = XCBuildConfiguration;
			buildSettings = {
				ALWAYS_EMBED_SWIFT_STANDARD_LIBRARIES = YES;
				BUNDLE_LOADER = "$(TEST_HOST)";
				CODE_SIGN_STYLE = Automatic;
				INFOPLIST_FILE = Navegacion2Tests/Info.plist;
				LD_RUNPATH_SEARCH_PATHS = (
					"$(inherited)",
					"@executable_path/Frameworks",
					"@loader_path/Frameworks",
				);
				PRODUCT_BUNDLE_IDENTIFIER = edu.ulsa.Navegacion2Tests;
				PRODUCT_NAME = "$(TARGET_NAME)";
				SWIFT_VERSION = 5.0;
				TARGETED_DEVICE_FAMILY = "1,2";
				TEST_HOST = "$(BUILT_PRODUCTS_DIR)/Navegacion2.app/Navegacion2";
			};
			name = Debug;
		};
		3DA5554228D3720000815756 /* Release */ = {
			isa = XCBuildConfiguration;
			buildSettings = {
				ALWAYS_EMBED_SWIFT_STANDARD_LIBRARIES = YES;
				BUNDLE_LOADER = "$(TEST_HOST)";
				CODE_SIGN_STYLE = Automatic;
				INFOPLIST_FILE = Navegacion2Tests/Info.plist;
				LD_RUNPATH_SEARCH_PATHS = (
					"$(inherited)",
					"@executable_path/Frameworks",
					"@loader_path/Frameworks",
				);
				PRODUCT_BUNDLE_IDENTIFIER = edu.ulsa.Navegacion2Tests;
				PRODUCT_NAME = "$(TARGET_NAME)";
				SWIFT_VERSION = 5.0;
				TARGETED_DEVICE_FAMILY = "1,2";
				TEST_HOST = "$(BUILT_PRODUCTS_DIR)/Navegacion2.app/Navegacion2";
			};
			name = Release;
		};
		3DA5554428D3720000815756 /* Debug */ = {
			isa = XCBuildConfiguration;
			buildSettings = {
				ALWAYS_EMBED_SWIFT_STANDARD_LIBRARIES = YES;
				CODE_SIGN_STYLE = Automatic;
				INFOPLIST_FILE = Navegacion2UITests/Info.plist;
				LD_RUNPATH_SEARCH_PATHS = (
					"$(inherited)",
					"@executable_path/Frameworks",
					"@loader_path/Frameworks",
				);
				PRODUCT_BUNDLE_IDENTIFIER = edu.ulsa.Navegacion2UITests;
				PRODUCT_NAME = "$(TARGET_NAME)";
				SWIFT_VERSION = 5.0;
				TARGETED_DEVICE_FAMILY = "1,2";
				TEST_TARGET_NAME = Navegacion2;
			};
			name = Debug;
		};
		3DA5554528D3720000815756 /* Release */ = {
			isa = XCBuildConfiguration;
			buildSettings = {
				ALWAYS_EMBED_SWIFT_STANDARD_LIBRARIES = YES;
				CODE_SIGN_STYLE = Automatic;
				INFOPLIST_FILE = Navegacion2UITests/Info.plist;
				LD_RUNPATH_SEARCH_PATHS = (
					"$(inherited)",
					"@executable_path/Frameworks",
					"@loader_path/Frameworks",
				);
				PRODUCT_BUNDLE_IDENTIFIER = edu.ulsa.Navegacion2UITests;
				PRODUCT_NAME = "$(TARGET_NAME)";
				SWIFT_VERSION = 5.0;
				TARGETED_DEVICE_FAMILY = "1,2";
				TEST_TARGET_NAME = Navegacion2;
			};
			name = Release;
		};
/* End XCBuildConfiguration section */

/* Begin XCConfigurationList section */
		3DA5551028D371FD00815756 /* Build configuration list for PBXProject "Navegacion2" */ = {
			isa = XCConfigurationList;
			buildConfigurations = (
				3DA5553B28D3720000815756 /* Debug */,
				3DA5553C28D3720000815756 /* Release */,
			);
			defaultConfigurationIsVisible = 0;
			defaultConfigurationName = Release;
		};
		3DA5553D28D3720000815756 /* Build configuration list for PBXNativeTarget "Navegacion2" */ = {
			isa = XCConfigurationList;
			buildConfigurations = (
				3DA5553E28D3720000815756 /* Debug */,
				3DA5553F28D3720000815756 /* Release */,
			);
			defaultConfigurationIsVisible = 0;
			defaultConfigurationName = Release;
		};
		3DA5554028D3720000815756 /* Build configuration list for PBXNativeTarget "Navegacion2Tests" */ = {
			isa = XCConfigurationList;
			buildConfigurations = (
				3DA5554128D3720000815756 /* Debug */,
				3DA5554228D3720000815756 /* Release */,
			);
			defaultConfigurationIsVisible = 0;
			defaultConfigurationName = Release;
		};
		3DA5554328D3720000815756 /* Build configuration list for PBXNativeTarget "Navegacion2UITests" */ = {
			isa = XCConfigurationList;
			buildConfigurations = (
				3DA5554428D3720000815756 /* Debug */,
				3DA5554528D3720000815756 /* Release */,
			);
			defaultConfigurationIsVisible = 0;
			defaultConfigurationName = Release;
		};
/* End XCConfigurationList section */
	};
	rootObject = 3DA5550D28D371FD00815756 /* Project object */;
}
